
Microsoft Visual Studio Solution File, Format Version 12.00
# Visual Studio Version 17
VisualStudioVersion = 17.0.31903.59
MinimumVisualStudioVersion = 10.0.40219.1
Project("{2150E333-8FDC-42A3-9474-1A3956D46DE8}") = "src", "src", "{827E0CD3-B72D-47B6-A68D-7590B98EB39B}"
EndProject
Project("{FAE04EC0-301F-11D3-BF4B-00C04F79EFBC}") = "AgentSquad.Core", "src\AgentSquad.Core\AgentSquad.Core.csproj", "{472B60F7-5F58-4313-ADFC-3EA5CD0872EF}"
EndProject
Project("{FAE04EC0-301F-11D3-BF4B-00C04F79EFBC}") = "AgentSquad.Agents", "src\AgentSquad.Agents\AgentSquad.Agents.csproj", "{541A4E41-0114-4C99-A0B4-85BC500F0487}"
EndProject
Project("{FAE04EC0-301F-11D3-BF4B-00C04F79EFBC}") = "AgentSquad.Orchestrator", "src\AgentSquad.Orchestrator\AgentSquad.Orchestrator.csproj", "{4C65D0A7-C23E-4135-B23E-1FE1A25F111B}"
EndProject
Project("{FAE04EC0-301F-11D3-BF4B-00C04F79EFBC}") = "AgentSquad.Runner", "src\AgentSquad.Runner\AgentSquad.Runner.csproj", "{F95FA779-7E09-474B-B528-DAEC807CB098}"
EndProject
Project("{2150E333-8FDC-42A3-9474-1A3956D46DE8}") = "tests", "tests", "{0AB3BF05-4346-4AA6-1389-037BE0695223}"
EndProject
Project("{FAE04EC0-301F-11D3-BF4B-00C04F79EFBC}") = "AgentSquad.Core.Tests", "tests\AgentSquad.Core.Tests\AgentSquad.Core.Tests.csproj", "{2989A89C-A775-438A-9000-A0BB25B9D387}"
EndProject
Project("{FAE04EC0-301F-11D3-BF4B-00C04F79EFBC}") = "AgentSquad.Agents.Tests", "tests\AgentSquad.Agents.Tests\AgentSquad.Agents.Tests.csproj", "{AC7A5E19-4C39-4B63-B78E-CA82E0336AB7}"
EndProject
Project("{FAE04EC0-301F-11D3-BF4B-00C04F79EFBC}") = "AgentSquad.Integration.Tests", "tests\AgentSquad.Integration.Tests\AgentSquad.Integration.Tests.csproj", "{605A8F08-9A33-4ABC-BF59-08FDB6D7D102}"
EndProject
Project("{FAE04EC0-301F-11D3-BF4B-00C04F79EFBC}") = "AgentSquad.Dashboard", "src\AgentSquad.Dashboard\AgentSquad.Dashboard.csproj", "{32FAFE95-9F46-4F27-8360-179FD9BEAF2F}"
EndProject
Global
	GlobalSection(SolutionConfigurationPlatforms) = preSolution
		Debug|Any CPU = Debug|Any CPU
		Debug|x64 = Debug|x64
		Debug|x86 = Debug|x86
		Release|Any CPU = Release|Any CPU
		Release|x64 = Release|x64
		Release|x86 = Release|x86
	EndGlobalSection
	GlobalSection(ProjectConfigurationPlatforms) = postSolution
		{472B60F7-5F58-4313-ADFC-3EA5CD0872EF}.Debug|Any CPU.ActiveCfg = Debug|Any CPU
		{472B60F7-5F58-4313-ADFC-3EA5CD0872EF}.Debug|Any CPU.Build.0 = Debug|Any CPU
		{472B60F7-5F58-4313-ADFC-3EA5CD0872EF}.Debug|x64.ActiveCfg = Debug|Any CPU
		{472B60F7-5F58-4313-ADFC-3EA5CD0872EF}.Debug|x64.Build.0 = Debug|Any CPU
		{472B60F7-5F58-4313-ADFC-3EA5CD0872EF}.Debug|x86.ActiveCfg = Debug|Any CPU
		{472B60F7-5F58-4313-ADFC-3EA5CD0872EF}.Debug|x86.Build.0 = Debug|Any CPU
		{472B60F7-5F58-4313-ADFC-3EA5CD0872EF}.Release|Any CPU.ActiveCfg = Release|Any CPU
		{472B60F7-5F58-4313-ADFC-3EA5CD0872EF}.Release|Any CPU.Build.0 = Release|Any CPU
		{472B60F7-5F58-4313-ADFC-3EA5CD0872EF}.Release|x64.ActiveCfg = Release|Any CPU
		{472B60F7-5F58-4313-ADFC-3EA5CD0872EF}.Release|x64.Build.0 = Release|Any CPU
		{472B60F7-5F58-4313-ADFC-3EA5CD0872EF}.Release|x86.ActiveCfg = Release|Any CPU
		{472B60F7-5F58-4313-ADFC-3EA5CD0872EF}.Release|x86.Build.0 = Release|Any CPU
		{541A4E41-0114-4C99-A0B4-85BC500F0487}.Debug|Any CPU.ActiveCfg = Debug|Any CPU
		{541A4E41-0114-4C99-A0B4-85BC500F0487}.Debug|Any CPU.Build.0 = Debug|Any CPU
		{541A4E41-0114-4C99-A0B4-85BC500F0487}.Debug|x64.ActiveCfg = Debug|Any CPU
		{541A4E41-0114-4C99-A0B4-85BC500F0487}.Debug|x64.Build.0 = Debug|Any CPU
		{541A4E41-0114-4C99-A0B4-85BC500F0487}.Debug|x86.ActiveCfg = Debug|Any CPU
		{541A4E41-0114-4C99-A0B4-85BC500F0487}.Debug|x86.Build.0 = Debug|Any CPU
		{541A4E41-0114-4C99-A0B4-85BC500F0487}.Release|Any CPU.ActiveCfg = Release|Any CPU
		{541A4E41-0114-4C99-A0B4-85BC500F0487}.Release|Any CPU.Build.0 = Release|Any CPU
		{541A4E41-0114-4C99-A0B4-85BC500F0487}.Release|x64.ActiveCfg = Release|Any CPU
		{541A4E41-0114-4C99-A0B4-85BC500F0487}.Release|x64.Build.0 = Release|Any CPU
		{541A4E41-0114-4C99-A0B4-85BC500F0487}.Release|x86.ActiveCfg = Release|Any CPU
		{541A4E41-0114-4C99-A0B4-85BC500F0487}.Release|x86.Build.0 = Release|Any CPU
		{4C65D0A7-C23E-4135-B23E-1FE1A25F111B}.Debug|Any CPU.ActiveCfg = Debug|Any CPU
		{4C65D0A7-C23E-4135-B23E-1FE1A25F111B}.Debug|Any CPU.Build.0 = Debug|Any CPU
		{4C65D0A7-C23E-4135-B23E-1FE1A25F111B}.Debug|x64.ActiveCfg = Debug|Any CPU
		{4C65D0A7-C23E-4135-B23E-1FE1A25F111B}.Debug|x64.Build.0 = Debug|Any CPU
		{4C65D0A7-C23E-4135-B23E-1FE1A25F111B}.Debug|x86.ActiveCfg = Debug|Any CPU
		{4C65D0A7-C23E-4135-B23E-1FE1A25F111B}.Debug|x86.Build.0 = Debug|Any CPU
		{4C65D0A7-C23E-4135-B23E-1FE1A25F111B}.Release|Any CPU.ActiveCfg = Release|Any CPU
		{4C65D0A7-C23E-4135-B23E-1FE1A25F111B}.Release|Any CPU.Build.0 = Release|Any CPU
		{4C65D0A7-C23E-4135-B23E-1FE1A25F111B}.Release|x64.ActiveCfg = Release|Any CPU
		{4C65D0A7-C23E-4135-B23E-1FE1A25F111B}.Release|x64.Build.0 = Release|Any CPU
		{4C65D0A7-C23E-4135-B23E-1FE1A25F111B}.Release|x86.ActiveCfg = Release|Any CPU
		{4C65D0A7-C23E-4135-B23E-1FE1A25F111B}.Release|x86.Build.0 = Release|Any CPU
		{F95FA779-7E09-474B-B528-DAEC807CB098}.Debug|Any CPU.ActiveCfg = Debug|Any CPU
		{F95FA779-7E09-474B-B528-DAEC807CB098}.Debug|Any CPU.Build.0 = Debug|Any CPU
		{F95FA779-7E09-474B-B528-DAEC807CB098}.Debug|x64.ActiveCfg = Debug|Any CPU
		{F95FA779-7E09-474B-B528-DAEC807CB098}.Debug|x64.Build.0 = Debug|Any CPU
		{F95FA779-7E09-474B-B528-DAEC807CB098}.Debug|x86.ActiveCfg = Debug|Any CPU
		{F95FA779-7E09-474B-B528-DAEC807CB098}.Debug|x86.Build.0 = Debug|Any CPU
		{F95FA779-7E09-474B-B528-DAEC807CB098}.Release|Any CPU.ActiveCfg = Release|Any CPU
		{F95FA779-7E09-474B-B528-DAEC807CB098}.Release|Any CPU.Build.0 = Release|Any CPU
		{F95FA779-7E09-474B-B528-DAEC807CB098}.Release|x64.ActiveCfg = Release|Any CPU
		{F95FA779-7E09-474B-B528-DAEC807CB098}.Release|x64.Build.0 = Release|Any CPU
		{F95FA779-7E09-474B-B528-DAEC807CB098}.Release|x86.ActiveCfg = Release|Any CPU
		{F95FA779-7E09-474B-B528-DAEC807CB098}.Release|x86.Build.0 = Release|Any CPU
		{2989A89C-A775-438A-9000-A0BB25B9D387}.Debug|Any CPU.ActiveCfg = Debug|Any CPU
		{2989A89C-A775-438A-9000-A0BB25B9D387}.Debug|Any CPU.Build.0 = Debug|Any CPU
		{2989A89C-A775-438A-9000-A0BB25B9D387}.Debug|x64.ActiveCfg = Debug|Any CPU
		{2989A89C-A775-438A-9000-A0BB25B9D387}.Debug|x64.Build.0 = Debug|Any CPU
		{2989A89C-A775-438A-9000-A0BB25B9D387}.Debug|x86.ActiveCfg = Debug|Any CPU
		{2989A89C-A775-438A-9000-A0BB25B9D387}.Debug|x86.Build.0 = Debug|Any CPU
		{2989A89C-A775-438A-9000-A0BB25B9D387}.Release|Any CPU.ActiveCfg = Release|Any CPU
		{2989A89C-A775-438A-9000-A0BB25B9D387}.Release|Any CPU.Build.0 = Release|Any CPU
		{2989A89C-A775-438A-9000-A0BB25B9D387}.Release|x64.ActiveCfg = Release|Any CPU
		{2989A89C-A775-438A-9000-A0BB25B9D387}.Release|x64.Build.0 = Release|Any CPU
		{2989A89C-A775-438A-9000-A0BB25B9D387}.Release|x86.ActiveCfg = Release|Any CPU
		{2989A89C-A775-438A-9000-A0BB25B9D387}.Release|x86.Build.0 = Release|Any CPU
		{AC7A5E19-4C39-4B63-B78E-CA82E0336AB7}.Debug|Any CPU.ActiveCfg = Debug|Any CPU
		{AC7A5E19-4C39-4B63-B78E-CA82E0336AB7}.Debug|Any CPU.Build.0 = Debug|Any CPU
		{AC7A5E19-4C39-4B63-B78E-CA82E0336AB7}.Debug|x64.ActiveCfg = Debug|Any CPU
		{AC7A5E19-4C39-4B63-B78E-CA82E0336AB7}.Debug|x64.Build.0 = Debug|Any CPU
		{AC7A5E19-4C39-4B63-B78E-CA82E0336AB7}.Debug|x86.ActiveCfg = Debug|Any CPU
		{AC7A5E19-4C39-4B63-B78E-CA82E0336AB7}.Debug|x86.Build.0 = Debug|Any CPU
		{AC7A5E19-4C39-4B63-B78E-CA82E0336AB7}.Release|Any CPU.ActiveCfg = Release|Any CPU
		{AC7A5E19-4C39-4B63-B78E-CA82E0336AB7}.Release|Any CPU.Build.0 = Release|Any CPU
		{AC7A5E19-4C39-4B63-B78E-CA82E0336AB7}.Release|x64.ActiveCfg = Release|Any CPU
		{AC7A5E19-4C39-4B63-B78E-CA82E0336AB7}.Release|x64.Build.0 = Release|Any CPU
		{AC7A5E19-4C39-4B63-B78E-CA82E0336AB7}.Release|x86.ActiveCfg = Release|Any CPU
		{AC7A5E19-4C39-4B63-B78E-CA82E0336AB7}.Release|x86.Build.0 = Release|Any CPU
		{605A8F08-9A33-4ABC-BF59-08FDB6D7D102}.Debug|Any CPU.ActiveCfg = Debug|Any CPU
		{605A8F08-9A33-4ABC-BF59-08FDB6D7D102}.Debug|Any CPU.Build.0 = Debug|Any CPU
		{605A8F08-9A33-4ABC-BF59-08FDB6D7D102}.Debug|x64.ActiveCfg = Debug|Any CPU
		{605A8F08-9A33-4ABC-BF59-08FDB6D7D102}.Debug|x64.Build.0 = Debug|Any CPU
		{605A8F08-9A33-4ABC-BF59-08FDB6D7D102}.Debug|x86.ActiveCfg = Debug|Any CPU
		{605A8F08-9A33-4ABC-BF59-08FDB6D7D102}.Debug|x86.Build.0 = Debug|Any CPU
		{605A8F08-9A33-4ABC-BF59-08FDB6D7D102}.Release|Any CPU.ActiveCfg = Release|Any CPU
		{605A8F08-9A33-4ABC-BF59-08FDB6D7D102}.Release|Any CPU.Build.0 = Release|Any CPU
		{605A8F08-9A33-4ABC-BF59-08FDB6D7D102}.Release|x64.ActiveCfg = Release|Any CPU
		{605A8F08-9A33-4ABC-BF59-08FDB6D7D102}.Release|x64.Build.0 = Release|Any CPU
		{605A8F08-9A33-4ABC-BF59-08FDB6D7D102}.Release|x86.ActiveCfg = Release|Any CPU
		{605A8F08-9A33-4ABC-BF59-08FDB6D7D102}.Release|x86.Build.0 = Release|Any CPU
		{32FAFE95-9F46-4F27-8360-179FD9BEAF2F}.Debug|Any CPU.ActiveCfg = Debug|Any CPU
		{32FAFE95-9F46-4F27-8360-179FD9BEAF2F}.Debug|Any CPU.Build.0 = Debug|Any CPU
		{32FAFE95-9F46-4F27-8360-179FD9BEAF2F}.Debug|x64.ActiveCfg = Debug|Any CPU
		{32FAFE95-9F46-4F27-8360-179FD9BEAF2F}.Debug|x64.Build.0 = Debug|Any CPU
		{32FAFE95-9F46-4F27-8360-179FD9BEAF2F}.Debug|x86.ActiveCfg = Debug|Any CPU
		{32FAFE95-9F46-4F27-8360-179FD9BEAF2F}.Debug|x86.Build.0 = Debug|Any CPU
		{32FAFE95-9F46-4F27-8360-179FD9BEAF2F}.Release|Any CPU.ActiveCfg = Release|Any CPU
		{32FAFE95-9F46-4F27-8360-179FD9BEAF2F}.Release|Any CPU.Build.0 = Release|Any CPU
		{32FAFE95-9F46-4F27-8360-179FD9BEAF2F}.Release|x64.ActiveCfg = Release|Any CPU
		{32FAFE95-9F46-4F27-8360-179FD9BEAF2F}.Release|x64.Build.0 = Release|Any CPU
		{32FAFE95-9F46-4F27-8360-179FD9BEAF2F}.Release|x86.ActiveCfg = Release|Any CPU
		{32FAFE95-9F46-4F27-8360-179FD9BEAF2F}.Release|x86.Build.0 = Release|Any CPU
	EndGlobalSection
	GlobalSection(SolutionProperties) = preSolution
		HideSolutionNode = FALSE
	EndGlobalSection
	GlobalSection(NestedProjects) = preSolution
		{472B60F7-5F58-4313-ADFC-3EA5CD0872EF} = {827E0CD3-B72D-47B6-A68D-7590B98EB39B}
		{541A4E41-0114-4C99-A0B4-85BC500F0487} = {827E0CD3-B72D-47B6-A68D-7590B98EB39B}
		{4C65D0A7-C23E-4135-B23E-1FE1A25F111B} = {827E0CD3-B72D-47B6-A68D-7590B98EB39B}
		{F95FA779-7E09-474B-B528-DAEC807CB098} = {827E0CD3-B72D-47B6-A68D-7590B98EB39B}
		{2989A89C-A775-438A-9000-A0BB25B9D387} = {0AB3BF05-4346-4AA6-1389-037BE0695223}
		{AC7A5E19-4C39-4B63-B78E-CA82E0336AB7} = {0AB3BF05-4346-4AA6-1389-037BE0695223}
		{605A8F08-9A33-4ABC-BF59-08FDB6D7D102} = {0AB3BF05-4346-4AA6-1389-037BE0695223}
		{32FAFE95-9F46-4F27-8360-179FD9BEAF2F} = {827E0CD3-B72D-47B6-A68D-7590B98EB39B}
	EndGlobalSection
EndGlobal
